
Microsoft Visual Studio Solution File, Format Version 12.00
# Visual Studio Version 17
VisualStudioVersion = 17.14.36705.20
MinimumVisualStudioVersion = 10.0.40219.1
Project("{FAE04EC0-301F-11D3-BF4B-00C04F79EFBC}") = "Logica", "Logica\Logica.csproj", "{1A267134-4817-4C23-B29B-573611750426}"
EndProject
Project("{FAE04EC0-301F-11D3-BF4B-00C04F79EFBC}") = "Logica0", "Logica0\Logica0.csproj", "{00F97C23-1D07-4455-ABDC-7FCCA2274FA0}"
EndProject
Project("{FAE04EC0-301F-11D3-BF4B-00C04F79EFBC}") = "Logica00", "Logica00\Logica00.csproj", "{3311053B-B216-4E3B-A29B-642E75C077CA}"
EndProject
Project("{FAE04EC0-301F-11D3-BF4B-00C04F79EFBC}") = "Logica1", "Logica1\Logica1.csproj", "{CE3B6AB3-34EF-4BB4-BD39-49900E07DF9B}"
EndProject
Project("{FAE04EC0-301F-11D3-BF4B-00C04F79EFBC}") = "Logica01", "Logica01\Logica01.csproj", "{5B7EF817-99F4-40F1-8077-E9E19D4B4866}"
EndProject
Project("{FAE04EC0-301F-11D3-BF4B-00C04F79EFBC}") = "Logica2", "Logica2\Logica2.csproj", "{D0C12F0D-0612-476D-B063-D6306674F3AD}"
EndProject
Project("{FAE04EC0-301F-11D3-BF4B-00C04F79EFBC}") = "Logica02", "Logica02\Logica02.csproj", "{73ACB5FA-C823-4FD9-B16A-5EA2E107D76D}"
EndProject
Project("{FAE04EC0-301F-11D3-BF4B-00C04F79EFBC}") = "Logica3", "Logica3\Logica3.csproj", "{040B005F-BA9B-4160-9183-4E265F2B0338}"
EndProject
Project("{FAE04EC0-301F-11D3-BF4B-00C04F79EFBC}") = "Logica03", "Logica03\Logica03.csproj", "{14F654AE-E3D6-485F-B47F-47E77E81E863}"
EndProject
Project("{FAE04EC0-301F-11D3-BF4B-00C04F79EFBC}") = "Logica04", "Logica04\Logica04.csproj", "{48FBD64B-CDDC-443B-B7F1-9A1CDA3F605B}"
EndProject
Project("{FAE04EC0-301F-11D3-BF4B-00C04F79EFBC}") = "Logica4", "Logica4\Logica4.csproj", "{570CA6EE-C3E6-4C80-A8F6-43903F5C3811}"
EndProject
Project("{FAE04EC0-301F-11D3-BF4B-00C04F79EFBC}") = "Logica05", "Logica05\Logica05.csproj", "{BF3E0785-62B6-4F11-9C1F-47A0B62F9681}"
EndProject
Project("{FAE04EC0-301F-11D3-BF4B-00C04F79EFBC}") = "Logica5", "Logica5\Logica5.csproj", "{81308E0C-3521-4979-9EE3-01A707791BE3}"
EndProject
Global
	GlobalSection(SolutionConfigurationPlatforms) = preSolution
		Debug|Any CPU = Debug|Any CPU
		Release|Any CPU = Release|Any CPU
	EndGlobalSection
	GlobalSection(ProjectConfigurationPlatforms) = postSolution
		{1A267134-4817-4C23-B29B-573611750426}.Debug|Any CPU.ActiveCfg = Debug|Any CPU
		{1A267134-4817-4C23-B29B-573611750426}.Debug|Any CPU.Build.0 = Debug|Any CPU
		{1A267134-4817-4C23-B29B-573611750426}.Release|Any CPU.ActiveCfg = Release|Any CPU
		{1A267134-4817-4C23-B29B-573611750426}.Release|Any CPU.Build.0 = Release|Any CPU
		{00F97C23-1D07-4455-ABDC-7FCCA2274FA0}.Debug|Any CPU.ActiveCfg = Debug|Any CPU
		{00F97C23-1D07-4455-ABDC-7FCCA2274FA0}.Debug|Any CPU.Build.0 = Debug|Any CPU
		{00F97C23-1D07-4455-ABDC-7FCCA2274FA0}.Release|Any CPU.ActiveCfg = Release|Any CPU
		{00F97C23-1D07-4455-ABDC-7FCCA2274FA0}.Release|Any CPU.Build.0 = Release|Any CPU
		{3311053B-B216-4E3B-A29B-642E75C077CA}.Debug|Any CPU.ActiveCfg = Debug|Any CPU
		{3311053B-B216-4E3B-A29B-642E75C077CA}.Debug|Any CPU.Build.0 = Debug|Any CPU
		{3311053B-B216-4E3B-A29B-642E75C077CA}.Release|Any CPU.ActiveCfg = Release|Any CPU
		{3311053B-B216-4E3B-A29B-642E75C077CA}.Release|Any CPU.Build.0 = Release|Any CPU
		{CE3B6AB3-34EF-4BB4-BD39-49900E07DF9B}.Debug|Any CPU.ActiveCfg = Debug|Any CPU
		{CE3B6AB3-34EF-4BB4-BD39-49900E07DF9B}.Debug|Any CPU.Build.0 = Debug|Any CPU
		{CE3B6AB3-34EF-4BB4-BD39-49900E07DF9B}.Release|Any CPU.ActiveCfg = Release|Any CPU
		{CE3B6AB3-34EF-4BB4-BD39-49900E07DF9B}.Release|Any CPU.Build.0 = Release|Any CPU
		{5B7EF817-99F4-40F1-8077-E9E19D4B4866}.Debug|Any CPU.ActiveCfg = Debug|Any CPU
		{5B7EF817-99F4-40F1-8077-E9E19D4B4866}.Debug|Any CPU.Build.0 = Debug|Any CPU
		{5B7EF817-99F4-40F1-8077-E9E19D4B4866}.Release|Any CPU.ActiveCfg = Release|Any CPU
		{5B7EF817-99F4-40F1-8077-E9E19D4B4866}.Release|Any CPU.Build.0 = Release|Any CPU
		{D0C12F0D-0612-476D-B063-D6306674F3AD}.Debug|Any CPU.ActiveCfg = Debug|Any CPU
		{D0C12F0D-0612-476D-B063-D6306674F3AD}.Debug|Any CPU.Build.0 = Debug|Any CPU
		{D0C12F0D-0612-476D-B063-D6306674F3AD}.Release|Any CPU.ActiveCfg = Release|Any CPU
		{D0C12F0D-0612-476D-B063-D6306674F3AD}.Release|Any CPU.Build.0 = Release|Any CPU
		{73ACB5FA-C823-4FD9-B16A-5EA2E107D76D}.Debug|Any CPU.ActiveCfg = Debug|Any CPU
		{73ACB5FA-C823-4FD9-B16A-5EA2E107D76D}.Debug|Any CPU.Build.0 = Debug|Any CPU
		{73ACB5FA-C823-4FD9-B16A-5EA2E107D76D}.Release|Any CPU.ActiveCfg = Release|Any CPU
		{73ACB5FA-C823-4FD9-B16A-5EA2E107D76D}.Release|Any CPU.Build.0 = Release|Any CPU
		{040B005F-BA9B-4160-9183-4E265F2B0338}.Debug|Any CPU.ActiveCfg = Debug|Any CPU
		{040B005F-BA9B-4160-9183-4E265F2B0338}.Debug|Any CPU.Build.0 = Debug|Any CPU
		{040B005F-BA9B-4160-9183-4E265F2B0338}.Release|Any CPU.ActiveCfg = Release|Any CPU
		{040B005F-BA9B-4160-9183-4E265F2B0338}.Release|Any CPU.Build.0 = Release|Any CPU
		{14F654AE-E3D6-485F-B47F-47E77E81E863}.Debug|Any CPU.ActiveCfg = Debug|Any CPU
		{14F654AE-E3D6-485F-B47F-47E77E81E863}.Debug|Any CPU.Build.0 = Debug|Any CPU
		{14F654AE-E3D6-485F-B47F-47E77E81E863}.Release|Any CPU.ActiveCfg = Release|Any CPU
		{14F654AE-E3D6-485F-B47F-47E77E81E863}.Release|Any CPU.Build.0 = Release|Any CPU
		{48FBD64B-CDDC-443B-B7F1-9A1CDA3F605B}.Debug|Any CPU.ActiveCfg = Debug|Any CPU
		{48FBD64B-CDDC-443B-B7F1-9A1CDA3F605B}.Debug|Any CPU.Build.0 = Debug|Any CPU
		{48FBD64B-CDDC-443B-B7F1-9A1CDA3F605B}.Release|Any CPU.ActiveCfg = Release|Any CPU
		{48FBD64B-CDDC-443B-B7F1-9A1CDA3F605B}.Release|Any CPU.Build.0 = Release|Any CPU
		{570CA6EE-C3E6-4C80-A8F6-43903F5C3811}.Debug|Any CPU.ActiveCfg = Debug|Any CPU
		{570CA6EE-C3E6-4C80-A8F6-43903F5C3811}.Debug|Any CPU.Build.0 = Debug|Any CPU
		{570CA6EE-C3E6-4C80-A8F6-43903F5C3811}.Release|Any CPU.ActiveCfg = Release|Any CPU
		{570CA6EE-C3E6-4C80-A8F6-43903F5C3811}.Release|Any CPU.Build.0 = Release|Any CPU
		{BF3E0785-62B6-4F11-9C1F-47A0B62F9681}.Debug|Any CPU.ActiveCfg = Debug|Any CPU
		{BF3E0785-62B6-4F11-9C1F-47A0B62F9681}.Debug|Any CPU.Build.0 = Debug|Any CPU
		{BF3E0785-62B6-4F11-9C1F-47A0B62F9681}.Release|Any CPU.ActiveCfg = Release|Any CPU
		{BF3E0785-62B6-4F11-9C1F-47A0B62F9681}.Release|Any CPU.Build.0 = Release|Any CPU
		{81308E0C-3521-4979-9EE3-01A707791BE3}.Debug|Any CPU.ActiveCfg = Debug|Any CPU
		{81308E0C-3521-4979-9EE3-01A707791BE3}.Debug|Any CPU.Build.0 = Debug|Any CPU
		{81308E0C-3521-4979-9EE3-01A707791BE3}.Release|Any CPU.ActiveCfg = Release|Any CPU
		{81308E0C-3521-4979-9EE3-01A707791BE3}.Release|Any CPU.Build.0 = Release|Any CPU
	EndGlobalSection
	GlobalSection(SolutionProperties) = preSolution
		HideSolutionNode = FALSE
	EndGlobalSection
	GlobalSection(ExtensibilityGlobals) = postSolution
		SolutionGuid = {39C2C382-82C0-4D57-A8B9-7D65E6598E87}
	EndGlobalSection
EndGlobal
